github.com/davecgh/go-spew v1.1.0 h1:ZDRjVQ15GmhC3fiQ8ni8+OwkZQO4DARzQgrnXU1Liz8=
github.com/davecgh/go-spew v1.1.0/go.mod h1:J7Y8YcW2NihsgmVo/mv3lAwl/skON4iLHjSsI+c5H38=
github.com/gin-gonic/gin v0.0.0-20150626140855-4cc2de6207f4 h1:ufr+93X0/9xTNvObfvbHsEkgCk8BrhmUH83Z8YIhzXE=
github.com/gin-gonic/gin v0.0.0-20150626140855-4cc2de6207f4/go.mod h1:7cKuhb5qV2ggCFctp2fJQ+ErvciLZrIeoOSOm6mUr7Y=
github.com/gomodule/redigo v1.8.3 h1:HR0kYDX2RJZvAup8CsiJwxB4dTCSC0AaUq6S4SiLwUc=
github.com/gomodule/redigo v1.8.3/go.mod h1:P9dn9mFrCBvWhGE1wpxx6fgq7BAeLBk+UUUzlpkBYO0=
github.com/heroku/x v0.0.0-20171004170240-705849e307dd h1:zn29UrzyUeQgqxBGXIwQqQJf75IiK4aeCtO5q1V2Vyo=
github.com/heroku/x v0.0.0-20171004170240-705849e307dd/go.mod h1:opmAyjmIGn9/Y+9Nia6eIaktIXIoMhhFXEFbHLMsX3Y=
github.com/manucorporat/sse v0.0.0-20150604091100-c142f0f1baea h1:3she1OMibtVtGiZSF65Cfi5ijRb+pAKXmstffNs5i+4=
github.com/manucorporat/sse v0.0.0-20150604091100-c142f0f1baea/go.mod h1:zUx1mhth20V3VKgL5jbd1BSQcW4Fy6Qs4PZvQwRFwzM=
github.com/mattn/go-colorable v0.0.0-20150625154642-40e4aedc8fab h1:3lgod/2wdM8WaJNBe16LkFmrz2XkXbH2YhbRWh38W9U=
github.com/mattn/go-colorable v0.0.0-20150625154642-40e4aedc8fab/go.mod h1:9vuHe8Xs5qXnSaW/c/ABM9alt+Vo+STaOChaDxuIBZU=
github.com/mattn/go-isatty v0.0.0-20150814002629-7fcbc72f853b h1:KOTLb2pwNaE8UOCVz1AgsFYzcswaNroRkBDIhblvUFk=
github.com/mattn/go-isatty v0.0.0-20150814002629-7fcbc72f853b/go.mod h1:M+lRXTBqGeGNdLjl/ufCoiOlB5xdOkqRJdNxMWT7Zi4=
github.com/pmezard/go-difflib v1.0.0 h1:4DBwDE0NGyQoBHbLQYPwSUPoCMWR5BEzIk/f1lZbAQM=
github.com/pmezard/go-difflib v1.0.0/go.mod h1:iKH77koFhYxTK1pcRnkKkqfTogsbg7gZNVY4sRDYZ/4=
github.com/sendgrid/rest v2.6.2+incompatible h1:zGMNhccsPkIc8SvU9x+qdDz2qhFoGUPGGC4mMvTondA=
github.com/sendgrid/rest v2.6.2+incompatible/go.mod h1:kXX7q3jZtJXK5c5qK83bSGMdV6tsOE70KbHoqJls4lE=
github.com/sendgrid/sendgrid-go v3.7.2+incompatible h1:ePQr9ns8so+28whk+gLKRYiyI5IiCESkDIqy7cjiwLg=
github.com/sendgrid/sendgrid-go v3.7.2+incompatible/go.mod h1:QRQt+LX/NmgVEvmdRw0VT/QgUn499+iza2FnDca9fg8=
github.com/stretchr/objx v0.1.0/go.mod h1:HFkY916IF+rwdDfMAkV7OtwuqBVzrE8GR6GFx+wExME=
github.com/stretchr/testify v1.5.1 h1:nOGnQDM7FYENwehXlg/kFVnos3rEvtKTjRvOWSzb6H4=
github.com/stretchr/testify v1.5.1/go.mod h1:5W2xD1RspED5o8YsWQXVCued0rvSQ+mT+I5cxcmMvtA=
golang.org/x/net v0.0.0-20150629084131-d9558e5c97f8 h1:NnqNZS6fS9JZOjzXyL3/g0j4bEm1B7HCkiVH9F5Zu8U=
golang.org/x/net v0.0.0-20150629084131-d9558e5c97f8/go.mod h1:mL1N/T3taQHkDXs73rZJwtUhF3w3ftmwwsq0BUmARs4=
gopkg.in/bluesuncorp/validator.v5 v5.9.1 h1:XEU2HtMj0Rki3kmHh+uilvENyWgDEaR5LDLtYsjiumM=
gopkg.in/bluesuncorp/validator.v5 v5.9.1/go.mod h1:ScQmud/GM3iSR85jRE+8BI8E8oFv5oj4qyd5Xaw7hgE=
gopkg.in/check.v1 v0.0.0-20161208181325-20d25e280405 h1:yhCVgyC4o1eVCa2tZl7eS0r+SDo693bJlVdllGtEeKM=
gopkg.in/check.v1 v0.0.0-20161208181325-20d25e280405/go.mod h1:Co6ibVJAznAaIkqp8huTwlJQCZ016jof/cbN4VW5Yz0=
gopkg.in/yaml.v2 v2.2.2 h1:ZCJp+EgiOT7lHqUV2J862kp8Qj64Jo6az82+3Td9dZw=
gopkg.in/yaml.v2 v2.2.2/go.mod h1:hI93XBmqTisBFMUTm0b8Fm+jr3Dg1NNxqwp+5A1VGuI=
